
Microsoft Visual Studio Solution File, Format Version 12.00
# Visual Studio Version 17
VisualStudioVersion = 17.3.32901.215
MinimumVisualStudioVersion = 10.0.40219.1
Project("{FAE04EC0-301F-11D3-BF4B-00C04F79EFBC}") = "CheckersLibrary", "CheckersLibrary\CheckersLibrary.csproj", "{9670A4EC-1B2F-4252-B1B6-CC898713ECCE}"
EndProject
Global
	GlobalSection(SolutionConfigurationPlatforms) = preSolution
		Debug|Any CPU = Debug|Any CPU
		Release|Any CPU = Release|Any CPU
	EndGlobalSection
	GlobalSection(ProjectConfigurationPlatforms) = postSolution
		{9670A4EC-1B2F-4252-B1B6-CC898713ECCE}.Debug|Any CPU.ActiveCfg = Debug|Any CPU
		{9670A4EC-1B2F-4252-B1B6-CC898713ECCE}.Debug|Any CPU.Build.0 = Debug|Any CPU
		{9670A4EC-1B2F-4252-B1B6-CC898713ECCE}.Release|Any CPU.ActiveCfg = Release|Any CPU
		{9670A4EC-1B2F-4252-B1B6-CC898713ECCE}.Release|Any CPU.Build.0 = Release|Any CPU
	EndGlobalSection
	GlobalSection(SolutionProperties) = preSolution
		HideSolutionNode = FALSE
	EndGlobalSection
	GlobalSection(ExtensibilityGlobals) = postSolution
		SolutionGuid = {9C89E06D-A4E3-46E2-9087-D9A1788E9102}
	EndGlobalSection
EndGlobal
